
Microsoft Visual Studio Solution File, Format Version 12.00
# Visual Studio Version 17
VisualStudioVersion = 17.7.34031.279
MinimumVisualStudioVersion = 10.0.40219.1
Project("{9A19103F-16F7-4668-BE54-9A1E7A4F7556}") = "KafkaAPIService", "KafkaAPIService.csproj", "{291C81B4-BF69-4DC7-BE6C-1D6C4EA12018}"
EndProject
Project("{9A19103F-16F7-4668-BE54-9A1E7A4F7556}") = "KafkaDataService", "..\KafkaDataService\KafkaDataService.csproj", "{031D2DBF-B2EF-4533-945D-28C0ECB76053}"
EndProject
Global
	GlobalSection(SolutionConfigurationPlatforms) = preSolution
		Debug|Any CPU = Debug|Any CPU
		Release|Any CPU = Release|Any CPU
	EndGlobalSection
	GlobalSection(ProjectConfigurationPlatforms) = postSolution
		{291C81B4-BF69-4DC7-BE6C-1D6C4EA12018}.Debug|Any CPU.ActiveCfg = Debug|Any CPU
		{291C81B4-BF69-4DC7-BE6C-1D6C4EA12018}.Debug|Any CPU.Build.0 = Debug|Any CPU
		{291C81B4-BF69-4DC7-BE6C-1D6C4EA12018}.Release|Any CPU.ActiveCfg = Release|Any CPU
		{291C81B4-BF69-4DC7-BE6C-1D6C4EA12018}.Release|Any CPU.Build.0 = Release|Any CPU
		{031D2DBF-B2EF-4533-945D-28C0ECB76053}.Debug|Any CPU.ActiveCfg = Debug|Any CPU
		{031D2DBF-B2EF-4533-945D-28C0ECB76053}.Debug|Any CPU.Build.0 = Debug|Any CPU
		{031D2DBF-B2EF-4533-945D-28C0ECB76053}.Release|Any CPU.ActiveCfg = Release|Any CPU
		{031D2DBF-B2EF-4533-945D-28C0ECB76053}.Release|Any CPU.Build.0 = Release|Any CPU
	EndGlobalSection
	GlobalSection(SolutionProperties) = preSolution
		HideSolutionNode = FALSE
	EndGlobalSection
	GlobalSection(ExtensibilityGlobals) = postSolution
		SolutionGuid = {A6BBA758-2205-4BCA-8714-CEF3108A0054}
	EndGlobalSection
EndGlobal
